
Microsoft Visual Studio Solution File, Format Version 12.00
# Visual Studio Version 17
VisualStudioVersion = 17.7.34003.232
MinimumVisualStudioVersion = 10.0.40219.1
Project("{FAE04EC0-301F-11D3-BF4B-00C04F79EFBC}") = "WSSLayer", "WSSLayer\WSSLayer.csproj", "{794F34D0-28A8-41F9-8196-6D794F1BA489}"
EndProject
Global
	GlobalSection(SolutionConfigurationPlatforms) = preSolution
		Debug|Any CPU = Debug|Any CPU
		Release|Any CPU = Release|Any CPU
	EndGlobalSection
	GlobalSection(ProjectConfigurationPlatforms) = postSolution
		{794F34D0-28A8-41F9-8196-6D794F1BA489}.Debug|Any CPU.ActiveCfg = Debug|Any CPU
		{794F34D0-28A8-41F9-8196-6D794F1BA489}.Debug|Any CPU.Build.0 = Debug|Any CPU
		{794F34D0-28A8-41F9-8196-6D794F1BA489}.Release|Any CPU.ActiveCfg = Release|Any CPU
		{794F34D0-28A8-41F9-8196-6D794F1BA489}.Release|Any CPU.Build.0 = Release|Any CPU
	EndGlobalSection
	GlobalSection(SolutionProperties) = preSolution
		HideSolutionNode = FALSE
	EndGlobalSection
	GlobalSection(ExtensibilityGlobals) = postSolution
		SolutionGuid = {763CD521-1BFD-43B2-9014-7EB3ADF5016F}
	EndGlobalSection
EndGlobal
